
Microsoft Visual Studio Solution File, Format Version 12.00
# Visual Studio Version 17
VisualStudioVersion = 17.4.33110.190
MinimumVisualStudioVersion = 10.0.40219.1
Project("{9A19103F-16F7-4668-BE54-9A1E7A4F7556}") = "StockQuoteChat.API", "StockQuoteChat.API\StockQuoteChat.API.csproj", "{FEDA03BC-D8A3-48B7-B8F8-97690E4B488A}"
EndProject
Project("{9A19103F-16F7-4668-BE54-9A1E7A4F7556}") = "StockQuoteChat.Application", "StockQuoteChat.Application\StockQuoteChat.Application.csproj", "{C54A6502-C366-4DF4-93CB-7FCDDE14B273}"
EndProject
Project("{9A19103F-16F7-4668-BE54-9A1E7A4F7556}") = "StockQuoteChat.Infrastructure", "StockQuoteChat.Infrastructure\StockQuoteChat.Infrastructure.csproj", "{BB7A146C-D2BF-44C4-97E2-E06A1BA5A4D2}"
EndProject
Global
	GlobalSection(SolutionConfigurationPlatforms) = preSolution
		Debug|Any CPU = Debug|Any CPU
		Release|Any CPU = Release|Any CPU
	EndGlobalSection
	GlobalSection(ProjectConfigurationPlatforms) = postSolution
		{FEDA03BC-D8A3-48B7-B8F8-97690E4B488A}.Debug|Any CPU.ActiveCfg = Debug|Any CPU
		{FEDA03BC-D8A3-48B7-B8F8-97690E4B488A}.Debug|Any CPU.Build.0 = Debug|Any CPU
		{FEDA03BC-D8A3-48B7-B8F8-97690E4B488A}.Release|Any CPU.ActiveCfg = Release|Any CPU
		{FEDA03BC-D8A3-48B7-B8F8-97690E4B488A}.Release|Any CPU.Build.0 = Release|Any CPU
		{C54A6502-C366-4DF4-93CB-7FCDDE14B273}.Debug|Any CPU.ActiveCfg = Debug|Any CPU
		{C54A6502-C366-4DF4-93CB-7FCDDE14B273}.Debug|Any CPU.Build.0 = Debug|Any CPU
		{C54A6502-C366-4DF4-93CB-7FCDDE14B273}.Release|Any CPU.ActiveCfg = Release|Any CPU
		{C54A6502-C366-4DF4-93CB-7FCDDE14B273}.Release|Any CPU.Build.0 = Release|Any CPU
		{BB7A146C-D2BF-44C4-97E2-E06A1BA5A4D2}.Debug|Any CPU.ActiveCfg = Debug|Any CPU
		{BB7A146C-D2BF-44C4-97E2-E06A1BA5A4D2}.Debug|Any CPU.Build.0 = Debug|Any CPU
		{BB7A146C-D2BF-44C4-97E2-E06A1BA5A4D2}.Release|Any CPU.ActiveCfg = Release|Any CPU
		{BB7A146C-D2BF-44C4-97E2-E06A1BA5A4D2}.Release|Any CPU.Build.0 = Release|Any CPU
	EndGlobalSection
	GlobalSection(SolutionProperties) = preSolution
		HideSolutionNode = FALSE
	EndGlobalSection
	GlobalSection(ExtensibilityGlobals) = postSolution
		SolutionGuid = {12B1247A-8149-4781-8E6C-1781A548AE4E}
	EndGlobalSection
EndGlobal
